
Microsoft Visual Studio Solution File, Format Version 12.00
# Visual Studio Version 17
VisualStudioVersion = 17.9.34902.65
MinimumVisualStudioVersion = 10.0.40219.1
Project("{FAE04EC0-301F-11D3-BF4B-00C04F79EFBC}") = "BitMapConverter", "BitMapConverter\BitMapConverter.csproj", "{493EFBD3-2332-45C3-84DA-3FEF9DE24227}"
EndProject
Global
	GlobalSection(SolutionConfigurationPlatforms) = preSolution
		Debug|Any CPU = Debug|Any CPU
		Release|Any CPU = Release|Any CPU
	EndGlobalSection
	GlobalSection(ProjectConfigurationPlatforms) = postSolution
		{493EFBD3-2332-45C3-84DA-3FEF9DE24227}.Debug|Any CPU.ActiveCfg = Debug|Any CPU
		{493EFBD3-2332-45C3-84DA-3FEF9DE24227}.Debug|Any CPU.Build.0 = Debug|Any CPU
		{493EFBD3-2332-45C3-84DA-3FEF9DE24227}.Release|Any CPU.ActiveCfg = Release|Any CPU
		{493EFBD3-2332-45C3-84DA-3FEF9DE24227}.Release|Any CPU.Build.0 = Release|Any CPU
	EndGlobalSection
	GlobalSection(SolutionProperties) = preSolution
		HideSolutionNode = FALSE
	EndGlobalSection
	GlobalSection(ExtensibilityGlobals) = postSolution
		SolutionGuid = {AD9D338F-8319-4603-A5B5-03581711C329}
	EndGlobalSection
EndGlobal
